// !$*UTF8*$!
{
	archiveVersion = 1;
	classes = {
	};
	objectVersion = 46;
	objects = {

/* Begin PBXBuildFile section */
		5301FAF3147F973F006577C1 /* UIKit.framework in Frameworks */ = {isa = PBXBuildFile; fileRef = 5301FAF2147F973F006577C1 /* UIKit.framework */; };
		5301FAFA147F9917006577C1 /* QuickLook.framework in Frameworks */ = {isa = PBXBuildFile; fileRef = 5301FAF9147F9917006577C1 /* QuickLook.framework */; };
		5359BD40147EB0040026BE56 /* Foundation.framework in Frameworks */ = {isa = PBXBuildFile; fileRef = 5359BD3F147EB0040026BE56 /* Foundation.framework */; };
		5359BD59147EB05D0026BE56 /* RBFilePreviewer.h in Headers */ = {isa = PBXBuildFile; fileRef = 5359BD52147EB05D0026BE56 /* RBFilePreviewer.h */; };
		5359BD5A147EB05D0026BE56 /* RBFilePreviewer.m in Sources */ = {isa = PBXBuildFile; fileRef = 5359BD53147EB05D0026BE56 /* RBFilePreviewer.m */; };
		E1B2EF8D155ED6E10014C0F0 /* UIImage+BBlock.h in Headers */ = {isa = PBXBuildFile; fileRef = E1B2EF8B155ED6E00014C0F0 /* UIImage+BBlock.h */; };
		E1B2EF8E155ED6E10014C0F0 /* UIImage+BBlock.m in Sources */ = {isa = PBXBuildFile; fileRef = E1B2EF8C155ED6E10014C0F0 /* UIImage+BBlock.m */; };
/* End PBXBuildFile section */

/* Begin PBXFileReference section */
		5301FAC6147F904C006577C1 /* RBFilePreviewerResources-Info.plist */ = {isa = PBXFileReference; lastKnownFileType = text.plist.xml; path = "RBFilePreviewerResources-Info.plist"; sourceTree = "<group>"; };
		5301FAC8147F904C006577C1 /* en */ = {isa = PBXFileReference; lastKnownFileType = text.plist.strings; name = en; path = en.lproj/InfoPlist.strings; sourceTree = "<group>"; };
		5301FACA147F904C006577C1 /* RBFilePreviewerResources-Prefix.pch */ = {isa = PBXFileReference; lastKnownFileType = sourcecode.c.h; path = "RBFilePreviewerResources-Prefix.pch"; sourceTree = "<group>"; };
		5301FAF2147F973F006577C1 /* UIKit.framework */ = {isa = PBXFileReference; lastKnownFileType = wrapper.framework; name = UIKit.framework; path = System/Library/Frameworks/UIKit.framework; sourceTree = SDKROOT; };
		5301FAF9147F9917006577C1 /* QuickLook.framework */ = {isa = PBXFileReference; lastKnownFileType = wrapper.framework; name = QuickLook.framework; path = System/Library/Frameworks/QuickLook.framework; sourceTree = SDKROOT; };
		5359BD3C147EB0040026BE56 /* libRBFilePreviewer.a */ = {isa = PBXFileReference; explicitFileType = archive.ar; includeInIndex = 0; path = libRBFilePreviewer.a; sourceTree = BUILT_PRODUCTS_DIR; };
		5359BD3F147EB0040026BE56 /* Foundation.framework */ = {isa = PBXFileReference; lastKnownFileType = wrapper.framework; name = Foundation.framework; path = System/Library/Frameworks/Foundation.framework; sourceTree = SDKROOT; };
		5359BD43147EB0040026BE56 /* RBFilePreviewer-Prefix.pch */ = {isa = PBXFileReference; lastKnownFileType = sourcecode.c.h; path = "RBFilePreviewer-Prefix.pch"; sourceTree = "<group>"; };
		5359BD4D147EB05D0026BE56 /* RBBaseFileGenerator.h */ = {isa = PBXFileReference; fileEncoding = 4; lastKnownFileType = sourcecode.c.h; name = RBBaseFileGenerator.h; path = ../../RBBaseFileGenerator.h; sourceTree = "<group>"; };
		5359BD4E147EB05D0026BE56 /* RBBaseFileGenerator.m */ = {isa = PBXFileReference; fileEncoding = 4; lastKnownFileType = sourcecode.c.objc; name = RBBaseFileGenerator.m; path = ../../RBBaseFileGenerator.m; sourceTree = "<group>"; };
		5359BD4F147EB05D0026BE56 /* RBFile.h */ = {isa = PBXFileReference; fileEncoding = 4; lastKnownFileType = sourcecode.c.h; name = RBFile.h; path = ../../RBFile.h; sourceTree = "<group>"; };
		5359BD50147EB05D0026BE56 /* RBFile.m */ = {isa = PBXFileReference; fileEncoding = 4; lastKnownFileType = sourcecode.c.objc; name = RBFile.m; path = ../../RBFile.m; sourceTree = "<group>"; };
		5359BD51147EB05D0026BE56 /* RBFileGenerator.h */ = {isa = PBXFileReference; fileEncoding = 4; lastKnownFileType = sourcecode.c.h; name = RBFileGenerator.h; path = ../../RBFileGenerator.h; sourceTree = "<group>"; };
		5359BD52147EB05D0026BE56 /* RBFilePreviewer.h */ = {isa = PBXFileReference; fileEncoding = 4; lastKnownFileType = sourcecode.c.h; name = RBFilePreviewer.h; path = ../../RBFilePreviewer.h; sourceTree = "<group>"; };
		5359BD53147EB05D0026BE56 /* RBFilePreviewer.m */ = {isa = PBXFileReference; fileEncoding = 4; lastKnownFileType = sourcecode.c.objc; name = RBFilePreviewer.m; path = ../../RBFilePreviewer.m; sourceTree = "<group>"; };
		E1B2EF8B155ED6E00014C0F0 /* UIImage+BBlock.h */ = {isa = PBXFileReference; fileEncoding = 4; lastKnownFileType = sourcecode.c.h; name = "UIImage+BBlock.h"; path = "../../BBlock/UIImage+BBlock.h"; sourceTree = "<group>"; };
		E1B2EF8C155ED6E10014C0F0 /* UIImage+BBlock.m */ = {isa = PBXFileReference; fileEncoding = 4; lastKnownFileType = sourcecode.c.objc; name = "UIImage+BBlock.m"; path = "../../BBlock/UIImage+BBlock.m"; sourceTree = "<group>"; };
/* End PBXFileReference section */

/* Begin PBXFrameworksBuildPhase section */
		5359BD39147EB0040026BE56 /* Frameworks */ = {
			isa = PBXFrameworksBuildPhase;
			buildActionMask = 2147483647;
			files = (
				5301FAFA147F9917006577C1 /* QuickLook.framework in Frameworks */,
				5301FAF3147F973F006577C1 /* UIKit.framework in Frameworks */,
				5359BD40147EB0040026BE56 /* Foundation.framework in Frameworks */,
			);
			runOnlyForDeploymentPostprocessing = 0;
		};
/* End PBXFrameworksBuildPhase section */

/* Begin PBXGroup section */
		5301FAC4147F904C006577C1 /* RBFilePreviewerResources */ = {
			isa = PBXGroup;
			children = (
				5301FAC5147F904C006577C1 /* Supporting Files */,
			);
			path = RBFilePreviewerResources;
			sourceTree = "<group>";
		};
		5301FAC5147F904C006577C1 /* Supporting Files */ = {
			isa = PBXGroup;
			children = (
				5301FAC6147F904C006577C1 /* RBFilePreviewerResources-Info.plist */,
				5301FAC7147F904C006577C1 /* InfoPlist.strings */,
				5301FACA147F904C006577C1 /* RBFilePreviewerResources-Prefix.pch */,
			);
			name = "Supporting Files";
			sourceTree = "<group>";
		};
		5359BD31147EB0030026BE56 = {
			isa = PBXGroup;
			children = (
				5359BD41147EB0040026BE56 /* RBFilePreviewer */,
				5301FAC4147F904C006577C1 /* RBFilePreviewerResources */,
				5359BD3E147EB0040026BE56 /* Frameworks */,
				5359BD3D147EB0040026BE56 /* Products */,
			);
			sourceTree = "<group>";
		};
		5359BD3D147EB0040026BE56 /* Products */ = {
			isa = PBXGroup;
			children = (
				5359BD3C147EB0040026BE56 /* libRBFilePreviewer.a */,
			);
			name = Products;
			sourceTree = "<group>";
		};
		5359BD3E147EB0040026BE56 /* Frameworks */ = {
			isa = PBXGroup;
			children = (
				5301FAF9147F9917006577C1 /* QuickLook.framework */,
				5301FAF2147F973F006577C1 /* UIKit.framework */,
				5359BD3F147EB0040026BE56 /* Foundation.framework */,
			);
			name = Frameworks;
			sourceTree = "<group>";
		};
		5359BD41147EB0040026BE56 /* RBFilePreviewer */ = {
			isa = PBXGroup;
			children = (
				E1B2EF8B155ED6E00014C0F0 /* UIImage+BBlock.h */,
				E1B2EF8C155ED6E10014C0F0 /* UIImage+BBlock.m */,
				5359BD4C147EB0420026BE56 /* Classes */,
				5359BD42147EB0040026BE56 /* Supporting Files */,
			);
			path = RBFilePreviewer;
			sourceTree = "<group>";
		};
		5359BD42147EB0040026BE56 /* Supporting Files */ = {
			isa = PBXGroup;
			children = (
				5359BD43147EB0040026BE56 /* RBFilePreviewer-Prefix.pch */,
			);
			name = "Supporting Files";
			sourceTree = "<group>";
		};
		5359BD4C147EB0420026BE56 /* Classes */ = {
			isa = PBXGroup;
			children = (
				5359BD52147EB05D0026BE56 /* RBFilePreviewer.h */,
				5359BD53147EB05D0026BE56 /* RBFilePreviewer.m */,
				5359BD4D147EB05D0026BE56 /* RBBaseFileGenerator.h */,
				5359BD4E147EB05D0026BE56 /* RBBaseFileGenerator.m */,
				5359BD4F147EB05D0026BE56 /* RBFile.h */,
				5359BD50147EB05D0026BE56 /* RBFile.m */,
				5359BD51147EB05D0026BE56 /* RBFileGenerator.h */,
			);
			name = Classes;
			sourceTree = "<group>";
		};
/* End PBXGroup section */

/* Begin PBXHeadersBuildPhase section */
		5359BD3A147EB0040026BE56 /* Headers */ = {
			isa = PBXHeadersBuildPhase;
			buildActionMask = 2147483647;
			files = (
				5359BD59147EB05D0026BE56 /* RBFilePreviewer.h in Headers */,
				E1B2EF8D155ED6E10014C0F0 /* UIImage+BBlock.h in Headers */,
			);
			runOnlyForDeploymentPostprocessing = 0;
		};
/* End PBXHeadersBuildPhase section */

/* Begin PBXNativeTarget section */
		5359BD3B147EB0040026BE56 /* RBFilePreviewer */ = {
			isa = PBXNativeTarget;
			buildConfigurationList = 5359BD49147EB0040026BE56 /* Build configuration list for PBXNativeTarget "RBFilePreviewer" */;
			buildPhases = (
				5359BD38147EB0040026BE56 /* Sources */,
				5359BD39147EB0040026BE56 /* Frameworks */,
				5359BD3A147EB0040026BE56 /* Headers */,
			);
			buildRules = (
			);
			dependencies = (
			);
			name = RBFilePreviewer;
			productName = RBFilePreviewer;
			productReference = 5359BD3C147EB0040026BE56 /* libRBFilePreviewer.a */;
			productType = "com.apple.product-type.library.static";
		};
/* End PBXNativeTarget section */

/* Begin PBXProject section */
		5359BD33147EB0030026BE56 /* Project object */ = {
			isa = PBXProject;
			attributes = {
				LastUpgradeCheck = 0420;
				ORGANIZATIONNAME = "EPAM systems";
			};
			buildConfigurationList = 5359BD36147EB0030026BE56 /* Build configuration list for PBXProject "RBFilePreviewer" */;
			compatibilityVersion = "Xcode 3.2";
			developmentRegion = English;
			hasScannedForEncodings = 0;
			knownRegions = (
				en,
			);
			mainGroup = 5359BD31147EB0030026BE56;
			productRefGroup = 5359BD3D147EB0040026BE56 /* Products */;
			projectDirPath = "";
			projectRoot = "";
			targets = (
				5359BD3B147EB0040026BE56 /* RBFilePreviewer */,
			);
		};
/* End PBXProject section */

/* Begin PBXSourcesBuildPhase section */
		5359BD38147EB0040026BE56 /* Sources */ = {
			isa = PBXSourcesBuildPhase;
			buildActionMask = 2147483647;
			files = (
				5359BD5A147EB05D0026BE56 /* RBFilePreviewer.m in Sources */,
				E1B2EF8E155ED6E10014C0F0 /* UIImage+BBlock.m in Sources */,
			);
			runOnlyForDeploymentPostprocessing = 0;
		};
/* End PBXSourcesBuildPhase section */

/* Begin PBXVariantGroup section */
		5301FAC7147F904C006577C1 /* InfoPlist.strings */ = {
			isa = PBXVariantGroup;
			children = (
				5301FAC8147F904C006577C1 /* en */,
			);
			name = InfoPlist.strings;
			sourceTree = "<group>";
		};
/* End PBXVariantGroup section */

/* Begin XCBuildConfiguration section */
		5359BD47147EB0040026BE56 /* Debug */ = {
			isa = XCBuildConfiguration;
			buildSettings = {
				ALWAYS_SEARCH_USER_PATHS = NO;
				ARCHS = "$(ARCHS_STANDARD_32_BIT)";
				COPY_PHASE_STRIP = NO;
				GCC_C_LANGUAGE_STANDARD = gnu99;
				GCC_DYNAMIC_NO_PIC = NO;
				GCC_OPTIMIZATION_LEVEL = 0;
				GCC_PREPROCESSOR_DEFINITIONS = (
					"DEBUG=1",
					"$(inherited)",
				);
				GCC_SYMBOLS_PRIVATE_EXTERN = NO;
				GCC_VERSION = com.apple.compilers.llvm.clang.1_0;
				GCC_WARN_ABOUT_MISSING_PROTOTYPES = YES;
				GCC_WARN_ABOUT_RETURN_TYPE = YES;
				GCC_WARN_UNUSED_VARIABLE = YES;
				IPHONEOS_DEPLOYMENT_TARGET = 5.0;
				SDKROOT = iphoneos;
			};
			name = Debug;
		};
		5359BD48147EB0040026BE56 /* Release */ = {
			isa = XCBuildConfiguration;
			buildSettings = {
				ALWAYS_SEARCH_USER_PATHS = NO;
				ARCHS = "$(ARCHS_STANDARD_32_BIT)";
				COPY_PHASE_STRIP = YES;
				GCC_C_LANGUAGE_STANDARD = gnu99;
				GCC_VERSION = com.apple.compilers.llvm.clang.1_0;
				GCC_WARN_ABOUT_MISSING_PROTOTYPES = YES;
				GCC_WARN_ABOUT_RETURN_TYPE = YES;
				GCC_WARN_UNUSED_VARIABLE = YES;
				IPHONEOS_DEPLOYMENT_TARGET = 5.0;
				SDKROOT = iphoneos;
				VALIDATE_PRODUCT = YES;
			};
			name = Release;
		};
		5359BD4A147EB0040026BE56 /* Debug */ = {
			isa = XCBuildConfiguration;
			buildSettings = {
				CLANG_ENABLE_OBJC_ARC = YES;
				DSTROOT = /tmp/RBFilePreviewer.dst;
				GCC_PRECOMPILE_PREFIX_HEADER = YES;
				GCC_PREFIX_HEADER = "RBFilePreviewer/RBFilePreviewer-Prefix.pch";
				OTHER_LDFLAGS = "-ObjC";
				PRODUCT_NAME = "$(TARGET_NAME)";
				SKIP_INSTALL = YES;
			};
			name = Debug;
		};
		5359BD4B147EB0040026BE56 /* Release */ = {
			isa = XCBuildConfiguration;
			buildSettings = {
				CLANG_ENABLE_OBJC_ARC = YES;
				DSTROOT = /tmp/RBFilePreviewer.dst;
				GCC_PRECOMPILE_PREFIX_HEADER = YES;
				GCC_PREFIX_HEADER = "RBFilePreviewer/RBFilePreviewer-Prefix.pch";
				OTHER_LDFLAGS = "-ObjC";
				PRODUCT_NAME = "$(TARGET_NAME)";
				SKIP_INSTALL = YES;
			};
			name = Release;
		};
/* End XCBuildConfiguration section */

/* Begin XCConfigurationList section */
		5359BD36147EB0030026BE56 /* Build configuration list for PBXProject "RBFilePreviewer" */ = {
			isa = XCConfigurationList;
			buildConfigurations = (
				5359BD47147EB0040026BE56 /* Debug */,
				5359BD48147EB0040026BE56 /* Release */,
			);
			defaultConfigurationIsVisible = 0;
			defaultConfigurationName = Release;
		};
		5359BD49147EB0040026BE56 /* Build configuration list for PBXNativeTarget "RBFilePreviewer" */ = {
			isa = XCConfigurationList;
			buildConfigurations = (
				5359BD4A147EB0040026BE56 /* Debug */,
				5359BD4B147EB0040026BE56 /* Release */,
			);
			defaultConfigurationIsVisible = 0;
			defaultConfigurationName = Release;
		};
/* End XCConfigurationList section */
	};
	rootObject = 5359BD33147EB0030026BE56 /* Project object */;
}
